
Microsoft Visual Studio Solution File, Format Version 12.00
# Visual Studio Version 17
VisualStudioVersion = 17.7.34031.279
MinimumVisualStudioVersion = 10.0.40219.1
Project("{8BC9CEB8-8B4A-11D0-8D11-00A0C91BC942}") = "RubiksCube", "RubiksCube.vcxproj", "{0078DDB6-0924-4F4B-BCBA-36EA0569C6C5}"
EndProject
Global
	GlobalSection(SolutionConfigurationPlatforms) = preSolution
		Debug|x64 = Debug|x64
		Debug|x86 = Debug|x86
		Release|x64 = Release|x64
		Release|x86 = Release|x86
	EndGlobalSection
	GlobalSection(ProjectConfigurationPlatforms) = postSolution
		{0078DDB6-0924-4F4B-BCBA-36EA0569C6C5}.Debug|x64.ActiveCfg = Debug|x64
		{0078DDB6-0924-4F4B-BCBA-36EA0569C6C5}.Debug|x64.Build.0 = Debug|x64
		{0078DDB6-0924-4F4B-BCBA-36EA0569C6C5}.Debug|x86.ActiveCfg = Release|x64
		{0078DDB6-0924-4F4B-BCBA-36EA0569C6C5}.Debug|x86.Build.0 = Release|x64
		{0078DDB6-0924-4F4B-BCBA-36EA0569C6C5}.Release|x64.ActiveCfg = Release|x64
		{0078DDB6-0924-4F4B-BCBA-36EA0569C6C5}.Release|x64.Build.0 = Release|x64
		{0078DDB6-0924-4F4B-BCBA-36EA0569C6C5}.Release|x86.ActiveCfg = Release|Win32
		{0078DDB6-0924-4F4B-BCBA-36EA0569C6C5}.Release|x86.Build.0 = Release|Win32
	EndGlobalSection
	GlobalSection(SolutionProperties) = preSolution
		HideSolutionNode = FALSE
	EndGlobalSection
	GlobalSection(ExtensibilityGlobals) = postSolution
		SolutionGuid = {7ECBFE4B-257D-457E-8489-630CAD700CD2}
	EndGlobalSection
EndGlobal
